{
    "_readme": [
        "This file locks the dependencies of your project to a known state",
        "Read more about it at https://getcomposer.org/doc/01-basic-usage.md#composer-lock-the-lock-file",
        "This file is @generated automatically"
    ],
    "hash": "d02445116dc4559095df860b86883113",
    "content-hash": "ac479e567f83e1c2976d8b268e6ecb42",
    "packages": [
        {
            "name": "symfony/css-selector",
            "version": "v2.8.2",
            "source": {
                "type": "git",
                "url": "https://github.com/symfony/css-selector.git",
                "reference": "ac06d8173bd80790536c0a4a634a7d705b91f54f"
            },
            "dist": {
                "type": "zip",
                "url": "https://api.github.com/repos/symfony/css-selector/zipball/ac06d8173bd80790536c0a4a634a7d705b91f54f",
                "reference": "ac06d8173bd80790536c0a4a634a7d705b91f54f",
                "shasum": ""
            },
            "require": {
                "php": ">=5.3.9"
            },
            "type": "library",
            "extra": {
                "branch-alias": {
                    "dev-master": "2.8-dev"
                }
            },
            "autoload": {
                "psr-4": {
                    "Symfony\\Component\\CssSelector\\": ""
                },
                "exclude-from-classmap": [
                    "/Tests/"
                ]
            },
            "notification-url": "https://packagist.org/downloads/",
            "license": [
                "MIT"
            ],
            "authors": [
                {
                    "name": "Jean-François Simon",
                    "email": "jeanfrancois.simon@sensiolabs.com"
                },
                {
                    "name": "Fabien Potencier",
                    "email": "fabien@symfony.com"
                },
                {
                    "name": "Symfony Community",
                    "homepage": "https://symfony.com/contributors"
                }
            ],
            "description": "Symfony CssSelector Component",
            "homepage": "https://symfony.com",
            "time": "2016-01-03 15:33:41"
        },
        {
            "name": "trejeraos/dom-selector",
            "version": "v0.3.0",
            "source": {
                "type": "git",
                "url": "https://github.com/triple-j/DOMSelector.git",
                "reference": "26e6a8eb5dadbb63b0db1db753ed8f973fa237fd"
            },
            "dist": {
                "type": "zip",
                "url": "https://api.github.com/repos/triple-j/DOMSelector/zipball/26e6a8eb5dadbb63b0db1db753ed8f973fa237fd",
                "reference": "26e6a8eb5dadbb63b0db1db753ed8f973fa237fd",
                "shasum": ""
            },
            "require": {
                "symfony/css-selector": "~2.8.0"
            },
            "type": "package",
            "autoload": {
                "psr-4": {
                    "trejeraos\\": "src/"
                }
            },
            "license": [
                "MIT"
            ],
            "authors": [
                {
                    "name": "Jeremie Jarosh",
                    "email": "jeremie@jarosh.org"
                }
            ],
            "description": "This package makes selecting XML elements easy by using CSS like selectors",
            "support": {
                "source": "https://github.com/triple-j/DOMSelector/tree/v0.3.0",
                "issues": "https://github.com/triple-j/DOMSelector/issues"
            },
            "time": "2015-12-05 21:51:19"
        }
    ],
    "packages-dev": [],
    "aliases": [],
    "minimum-stability": "stable",
    "stability-flags": [],
    "prefer-stable": false,
    "prefer-lowest": false,
    "platform": [],
    "platform-dev": []
}
