{
    "_readme": [
        "This file locks the dependencies of your project to a known state",
        "Read more about it at https://getcomposer.org/doc/01-basic-usage.md#composer-lock-the-lock-file",
        "This file is @generated automatically"
    ],
    "hash": "ec20d05b04255a38e1ba0bd5163d7663",
    "content-hash": "a4800f6c6166648858bafa76f1280bba",
    "packages": [
        {
            "name": "symfony/css-selector",
            "version": "v2.8.2",
            "source": {
                "type": "git",
                "url": "https://github.com/symfony/css-selector.git",
                "reference": "ac06d8173bd80790536c0a4a634a7d705b91f54f"
            },
            "dist": {
                "type": "zip",
                "url": "https://api.github.com/repos/symfony/css-selector/zipball/ac06d8173bd80790536c0a4a634a7d705b91f54f",
                "reference": "ac06d8173bd80790536c0a4a634a7d705b91f54f",
                "shasum": ""
            },
            "require": {
                "php": ">=5.3.9"
            },
            "type": "library",
            "extra": {
                "branch-alias": {
                    "dev-master": "2.8-dev"
                }
            },
            "autoload": {
                "psr-4": {
                    "Symfony\\Component\\CssSelector\\": ""
                },
                "exclude-from-classmap": [
                    "/Tests/"
                ]
            },
            "notification-url": "https://packagist.org/downloads/",
            "license": [
                "MIT"
            ],
            "authors": [
                {
                    "name": "Jean-François Simon",
                    "email": "jeanfrancois.simon@sensiolabs.com"
                },
                {
                    "name": "Fabien Potencier",
                    "email": "fabien@symfony.com"
                },
                {
                    "name": "Symfony Community",
                    "homepage": "https://symfony.com/contributors"
                }
            ],
            "description": "Symfony CssSelector Component",
            "homepage": "https://symfony.com",
            "time": "2016-01-03 15:33:41"
        },
        {
            "name": "trejeraos/dom-selector",
            "version": "v1.0.1",
            "source": {
                "type": "git",
                "url": "https://github.com/triple-j/DOMSelector.git",
                "reference": "75ab7399f8fb49d61952d003697dbaca9901bba6"
            },
            "dist": {
                "type": "zip",
                "url": "https://api.github.com/repos/triple-j/DOMSelector/zipball/75ab7399f8fb49d61952d003697dbaca9901bba6",
                "reference": "75ab7399f8fb49d61952d003697dbaca9901bba6",
                "shasum": ""
            },
            "require": {
                "php": ">=5.3.9",
                "symfony/css-selector": "~2.8.0"
            },
            "require-dev": {
                "phpunit/phpunit": "^4.8"
            },
            "type": "library",
            "autoload": {
                "psr-4": {
                    "trejeraos\\": "src/"
                }
            },
            "notification-url": "https://packagist.org/downloads/",
            "license": [
                "MIT"
            ],
            "authors": [
                {
                    "name": "Jeremie Jarosh",
                    "email": "jeremie@jarosh.org",
                    "homepage": "http://trejeraos.com",
                    "role": "Developer"
                }
            ],
            "description": "This package makes selecting XML elements easy by using CSS like selectors",
            "time": "2016-02-12 00:27:32"
        }
    ],
    "packages-dev": [],
    "aliases": [],
    "minimum-stability": "stable",
    "stability-flags": [],
    "prefer-stable": false,
    "prefer-lowest": false,
    "platform": [],
    "platform-dev": []
}
